// !$*UTF8*$!
{
    archiveVersion = 1;
    classes = {};
    objectVersion = 46;
    rootObject = __RootObject_;
    objects = {
        __RootObject_ = {
            isa = PBXProject;
            attributes = {LastUpgradeCheck = 9999;};
            buildConfigurationList = ___RootConfs_;
            compatibilityVersion = 'Xcode 3.2';
            developmentRegion = English;
            hasScannedForEncodings = 0;
            knownRegions = (en);
            mainGroup = ___RootGroup_;
            productRefGroup = ____Products_;
            projectDirPath = '';
            projectRoot = '';
            targets = (______Target_PathIndexable, ______Target_PureJSON, ______Target_PureJSONFoundation, ______Target_PureJSONFoundationTestSuite);
        };
        '__PBXFileRef_Package.swift' = {
            isa = PBXFileReference;
            lastKnownFileType = sourcecode.swift;
            name = 'Package.swift';
            path = 'Package.swift';
            sourceTree = '<group>';
        };
        ___RootGroup_ = {
            isa = PBXGroup;
            children = ('__PBXFileRef_Package.swift', _____Configs_, _____Sources_, Dependencies_, _______Tests_, ____Products_);
            sourceTree = '<group>';
        };
        _______Group_PathIndexable = {
            isa = PBXGroup;
            name = PathIndexable;
            path = 'Packages/PathIndexable-0.1.0/Sources/PathIndexable';
            sourceTree = '<group>';
            children = ('__PBXFileRef_Packages/PathIndexable-0.1.0/Sources/PathIndexable/PathIndexable+Subscripting.swift', '__PBXFileRef_Packages/PathIndexable-0.1.0/Sources/PathIndexable/PathIndexable.swift');
        };
        '__PBXFileRef_Packages/PathIndexable-0.1.0/Sources/PathIndexable/PathIndexable+Subscripting.swift' = {
            isa = PBXFileReference;
            lastKnownFileType = sourcecode.swift;
            name = 'PathIndexable+Subscripting.swift';
            sourceTree = '<group>';
        };
        '__PBXFileRef_Packages/PathIndexable-0.1.0/Sources/PathIndexable/PathIndexable.swift' = {
            isa = PBXFileReference;
            lastKnownFileType = sourcecode.swift;
            name = 'PathIndexable.swift';
            sourceTree = '<group>';
        };
        ______Target_PathIndexable = {
            isa = PBXNativeTarget;
            buildConfigurationList = _______Confs_PathIndexable;
            buildPhases = (CompilePhase_PathIndexable, ___LinkPhase_PathIndexable);
            buildRules = ();
            dependencies = ();
            name = PathIndexable;
            productName = PathIndexable;
            productReference = _____Product_PathIndexable;
            productType = 'com.apple.product-type.library.dynamic';
        };
        _____Product_PathIndexable = {
            isa = PBXFileReference;
            explicitFileType = 'compiled.mach-o.dylib';
            path = 'PathIndexable.dylib';
            sourceTree = BUILT_PRODUCTS_DIR;
        };
        CompilePhase_PathIndexable = {
            isa = PBXSourcesBuildPhase;
            files = ('__src_cc_ref_Packages/PathIndexable-0.1.0/Sources/PathIndexable/PathIndexable+Subscripting.swift', '__src_cc_ref_Packages/PathIndexable-0.1.0/Sources/PathIndexable/PathIndexable.swift');
            runOnlyForDeploymentPostprocessing = 0;
        };
        ___LinkPhase_PathIndexable = {
            isa = PBXFrameworksBuildPhase;
            files = ();
            runOnlyForDeploymentPostprocessing = 0;
        };
        '__src_cc_ref_Packages/PathIndexable-0.1.0/Sources/PathIndexable/PathIndexable+Subscripting.swift' = {
            isa = PBXBuildFile;
            fileRef = '__PBXFileRef_Packages/PathIndexable-0.1.0/Sources/PathIndexable/PathIndexable+Subscripting.swift';
        };
        '__src_cc_ref_Packages/PathIndexable-0.1.0/Sources/PathIndexable/PathIndexable.swift' = {
            isa = PBXBuildFile;
            fileRef = '__PBXFileRef_Packages/PathIndexable-0.1.0/Sources/PathIndexable/PathIndexable.swift';
        };
        _LinkFileRef_PathIndexable = {
            isa = PBXBuildFile;
            fileRef = _____Product_PathIndexable;
        };
        _______Confs_PathIndexable = {
            isa = XCConfigurationList;
            buildConfigurations = (___DebugConf_PathIndexable, _ReleaseConf_PathIndexable);
            defaultConfigurationIsVisible = 0;
            defaultConfigurationName = Debug;
        };
        ___DebugConf_PathIndexable = {
            isa = XCBuildConfiguration;
            buildSettings = { ENABLE_TESTABILITY = YES; SWIFT_OPTIMIZATION_LEVEL = -Onone; LD_RUNPATH_SEARCH_PATHS = '$(TOOLCHAIN_DIR)/usr/lib/swift/macosx'; };
            name = Debug;
        };
        _ReleaseConf_PathIndexable = {
            isa = XCBuildConfiguration;
            buildSettings = { ENABLE_TESTABILITY = YES; LD_RUNPATH_SEARCH_PATHS = '$(TOOLCHAIN_DIR)/usr/lib/swift/macosx'; };
            name = Release;
        };
        __Dependency_PathIndexable = {
            isa = PBXTargetDependency;
            target = ______Target_PathIndexable;
        };
        _______Group_PureJSON = {
            isa = PBXGroup;
            name = PureJSON;
            path = 'Source/PureJSON';
            sourceTree = '<group>';
            children = ('__PBXFileRef_Source/PureJSON/JSON.swift', '__PBXFileRef_Source/PureJSON/JSONParser.swift', '__PBXFileRef_Source/PureJSON/JSONSerializer.swift', '__PBXFileRef_Source/PureJSON/ParseError.swift', '__PBXFileRef_Source/PureJSON/StringUtils.swift');
        };
        '__PBXFileRef_Source/PureJSON/JSON.swift' = {
            isa = PBXFileReference;
            lastKnownFileType = sourcecode.swift;
            name = 'JSON.swift';
            sourceTree = '<group>';
        };
        '__PBXFileRef_Source/PureJSON/JSONParser.swift' = {
            isa = PBXFileReference;
            lastKnownFileType = sourcecode.swift;
            name = 'JSONParser.swift';
            sourceTree = '<group>';
        };
        '__PBXFileRef_Source/PureJSON/JSONSerializer.swift' = {
            isa = PBXFileReference;
            lastKnownFileType = sourcecode.swift;
            name = 'JSONSerializer.swift';
            sourceTree = '<group>';
        };
        '__PBXFileRef_Source/PureJSON/ParseError.swift' = {
            isa = PBXFileReference;
            lastKnownFileType = sourcecode.swift;
            name = 'ParseError.swift';
            sourceTree = '<group>';
        };
        '__PBXFileRef_Source/PureJSON/StringUtils.swift' = {
            isa = PBXFileReference;
            lastKnownFileType = sourcecode.swift;
            name = 'StringUtils.swift';
            sourceTree = '<group>';
        };
        ______Target_PureJSON = {
            isa = PBXNativeTarget;
            buildConfigurationList = _______Confs_PureJSON;
            buildPhases = (CompilePhase_PureJSON, ___LinkPhase_PureJSON);
            buildRules = ();
            dependencies = (__Dependency_PathIndexable);
            name = PureJSON;
            productName = PureJSON;
            productReference = _____Product_PureJSON;
            productType = 'com.apple.product-type.library.dynamic';
        };
        _____Product_PureJSON = {
            isa = PBXFileReference;
            explicitFileType = 'compiled.mach-o.dylib';
            path = 'PureJSON.dylib';
            sourceTree = BUILT_PRODUCTS_DIR;
        };
        CompilePhase_PureJSON = {
            isa = PBXSourcesBuildPhase;
            files = ('__src_cc_ref_Source/PureJSON/JSON.swift', '__src_cc_ref_Source/PureJSON/JSONParser.swift', '__src_cc_ref_Source/PureJSON/JSONSerializer.swift', '__src_cc_ref_Source/PureJSON/ParseError.swift', '__src_cc_ref_Source/PureJSON/StringUtils.swift');
            runOnlyForDeploymentPostprocessing = 0;
        };
        ___LinkPhase_PureJSON = {
            isa = PBXFrameworksBuildPhase;
            files = (_LinkFileRef_PathIndexable);
            runOnlyForDeploymentPostprocessing = 0;
        };
        '__src_cc_ref_Source/PureJSON/JSON.swift' = {
            isa = PBXBuildFile;
            fileRef = '__PBXFileRef_Source/PureJSON/JSON.swift';
        };
        '__src_cc_ref_Source/PureJSON/JSONParser.swift' = {
            isa = PBXBuildFile;
            fileRef = '__PBXFileRef_Source/PureJSON/JSONParser.swift';
        };
        '__src_cc_ref_Source/PureJSON/JSONSerializer.swift' = {
            isa = PBXBuildFile;
            fileRef = '__PBXFileRef_Source/PureJSON/JSONSerializer.swift';
        };
        '__src_cc_ref_Source/PureJSON/ParseError.swift' = {
            isa = PBXBuildFile;
            fileRef = '__PBXFileRef_Source/PureJSON/ParseError.swift';
        };
        '__src_cc_ref_Source/PureJSON/StringUtils.swift' = {
            isa = PBXBuildFile;
            fileRef = '__PBXFileRef_Source/PureJSON/StringUtils.swift';
        };
        _LinkFileRef_PureJSON = {
            isa = PBXBuildFile;
            fileRef = _____Product_PureJSON;
        };
        _______Confs_PureJSON = {
            isa = XCConfigurationList;
            buildConfigurations = (___DebugConf_PureJSON, _ReleaseConf_PureJSON);
            defaultConfigurationIsVisible = 0;
            defaultConfigurationName = Debug;
        };
        ___DebugConf_PureJSON = {
            isa = XCBuildConfiguration;
            buildSettings = { ENABLE_TESTABILITY = YES; SWIFT_OPTIMIZATION_LEVEL = -Onone; LD_RUNPATH_SEARCH_PATHS = '$(TOOLCHAIN_DIR)/usr/lib/swift/macosx'; };
            name = Debug;
        };
        _ReleaseConf_PureJSON = {
            isa = XCBuildConfiguration;
            buildSettings = { ENABLE_TESTABILITY = YES; LD_RUNPATH_SEARCH_PATHS = '$(TOOLCHAIN_DIR)/usr/lib/swift/macosx'; };
            name = Release;
        };
        __Dependency_PureJSON = {
            isa = PBXTargetDependency;
            target = ______Target_PureJSON;
        };
        _______Group_PureJSONFoundation = {
            isa = PBXGroup;
            name = PureJSONFoundation;
            path = 'Source/PureJSONFoundation';
            sourceTree = '<group>';
            children = ('__PBXFileRef_Source/PureJSONFoundation/JsonParser+Foundation.swift');
        };
        '__PBXFileRef_Source/PureJSONFoundation/JsonParser+Foundation.swift' = {
            isa = PBXFileReference;
            lastKnownFileType = sourcecode.swift;
            name = 'JsonParser+Foundation.swift';
            sourceTree = '<group>';
        };
        ______Target_PureJSONFoundation = {
            isa = PBXNativeTarget;
            buildConfigurationList = _______Confs_PureJSONFoundation;
            buildPhases = (CompilePhase_PureJSONFoundation, ___LinkPhase_PureJSONFoundation);
            buildRules = ();
            dependencies = (__Dependency_PathIndexable, __Dependency_PureJSON);
            name = PureJSONFoundation;
            productName = PureJSONFoundation;
            productReference = _____Product_PureJSONFoundation;
            productType = 'com.apple.product-type.library.dynamic';
        };
        _____Product_PureJSONFoundation = {
            isa = PBXFileReference;
            explicitFileType = 'compiled.mach-o.dylib';
            path = 'PureJSONFoundation.dylib';
            sourceTree = BUILT_PRODUCTS_DIR;
        };
        CompilePhase_PureJSONFoundation = {
            isa = PBXSourcesBuildPhase;
            files = ('__src_cc_ref_Source/PureJSONFoundation/JsonParser+Foundation.swift');
            runOnlyForDeploymentPostprocessing = 0;
        };
        ___LinkPhase_PureJSONFoundation = {
            isa = PBXFrameworksBuildPhase;
            files = (_LinkFileRef_PathIndexable, _LinkFileRef_PureJSON);
            runOnlyForDeploymentPostprocessing = 0;
        };
        '__src_cc_ref_Source/PureJSONFoundation/JsonParser+Foundation.swift' = {
            isa = PBXBuildFile;
            fileRef = '__PBXFileRef_Source/PureJSONFoundation/JsonParser+Foundation.swift';
        };
        _LinkFileRef_PureJSONFoundation = {
            isa = PBXBuildFile;
            fileRef = _____Product_PureJSONFoundation;
        };
        _______Confs_PureJSONFoundation = {
            isa = XCConfigurationList;
            buildConfigurations = (___DebugConf_PureJSONFoundation, _ReleaseConf_PureJSONFoundation);
            defaultConfigurationIsVisible = 0;
            defaultConfigurationName = Debug;
        };
        ___DebugConf_PureJSONFoundation = {
            isa = XCBuildConfiguration;
            buildSettings = { ENABLE_TESTABILITY = YES; SWIFT_OPTIMIZATION_LEVEL = -Onone; LD_RUNPATH_SEARCH_PATHS = '$(TOOLCHAIN_DIR)/usr/lib/swift/macosx'; };
            name = Debug;
        };
        _ReleaseConf_PureJSONFoundation = {
            isa = XCBuildConfiguration;
            buildSettings = { ENABLE_TESTABILITY = YES; LD_RUNPATH_SEARCH_PATHS = '$(TOOLCHAIN_DIR)/usr/lib/swift/macosx'; };
            name = Release;
        };
        __Dependency_PureJSONFoundation = {
            isa = PBXTargetDependency;
            target = ______Target_PureJSONFoundation;
        };
        _______Group_PureJSONFoundationTestSuite = {
            isa = PBXGroup;
            name = PureJSONFoundationTestSuite;
            path = 'Tests/PureJSONFoundation';
            sourceTree = '<group>';
            children = ('__PBXFileRef_Tests/PureJSONFoundation/JsonParserTests.swift', '__PBXFileRef_Tests/PureJSONFoundation/JsonTests.swift', '__PBXFileRef_Tests/PureJSONFoundation/ParseErrorTests.swift', '__PBXFileRef_Tests/PureJSONFoundation/StringUtilsTests.swift');
        };
        '__PBXFileRef_Tests/PureJSONFoundation/JsonParserTests.swift' = {
            isa = PBXFileReference;
            lastKnownFileType = sourcecode.swift;
            name = 'JsonParserTests.swift';
            sourceTree = '<group>';
        };
        '__PBXFileRef_Tests/PureJSONFoundation/JsonTests.swift' = {
            isa = PBXFileReference;
            lastKnownFileType = sourcecode.swift;
            name = 'JsonTests.swift';
            sourceTree = '<group>';
        };
        '__PBXFileRef_Tests/PureJSONFoundation/ParseErrorTests.swift' = {
            isa = PBXFileReference;
            lastKnownFileType = sourcecode.swift;
            name = 'ParseErrorTests.swift';
            sourceTree = '<group>';
        };
        '__PBXFileRef_Tests/PureJSONFoundation/StringUtilsTests.swift' = {
            isa = PBXFileReference;
            lastKnownFileType = sourcecode.swift;
            name = 'StringUtilsTests.swift';
            sourceTree = '<group>';
        };
        ______Target_PureJSONFoundationTestSuite = {
            isa = PBXNativeTarget;
            buildConfigurationList = _______Confs_PureJSONFoundationTestSuite;
            buildPhases = (CompilePhase_PureJSONFoundationTestSuite, ___LinkPhase_PureJSONFoundationTestSuite);
            buildRules = ();
            dependencies = (__Dependency_PathIndexable, __Dependency_PureJSONFoundation);
            name = PureJSONFoundationTestSuite;
            productName = PureJSONFoundationTestSuite;
            productReference = _____Product_PureJSONFoundationTestSuite;
            productType = 'com.apple.product-type.bundle.unit-test';
        };
        _____Product_PureJSONFoundationTestSuite = {
            isa = PBXFileReference;
            explicitFileType = 'compiled.mach-o.wrapper.cfbundle';
            path = 'PureJSONFoundationTestSuite.xctest';
            sourceTree = BUILT_PRODUCTS_DIR;
        };
        CompilePhase_PureJSONFoundationTestSuite = {
            isa = PBXSourcesBuildPhase;
            files = ('__src_cc_ref_Tests/PureJSONFoundation/JsonParserTests.swift', '__src_cc_ref_Tests/PureJSONFoundation/JsonTests.swift', '__src_cc_ref_Tests/PureJSONFoundation/ParseErrorTests.swift', '__src_cc_ref_Tests/PureJSONFoundation/StringUtilsTests.swift');
            runOnlyForDeploymentPostprocessing = 0;
        };
        ___LinkPhase_PureJSONFoundationTestSuite = {
            isa = PBXFrameworksBuildPhase;
            files = (_LinkFileRef_PathIndexable, _LinkFileRef_PureJSONFoundation, _LinkFileRef_PureJSON);
            runOnlyForDeploymentPostprocessing = 0;
        };
        '__src_cc_ref_Tests/PureJSONFoundation/JsonParserTests.swift' = {
            isa = PBXBuildFile;
            fileRef = '__PBXFileRef_Tests/PureJSONFoundation/JsonParserTests.swift';
        };
        '__src_cc_ref_Tests/PureJSONFoundation/JsonTests.swift' = {
            isa = PBXBuildFile;
            fileRef = '__PBXFileRef_Tests/PureJSONFoundation/JsonTests.swift';
        };
        '__src_cc_ref_Tests/PureJSONFoundation/ParseErrorTests.swift' = {
            isa = PBXBuildFile;
            fileRef = '__PBXFileRef_Tests/PureJSONFoundation/ParseErrorTests.swift';
        };
        '__src_cc_ref_Tests/PureJSONFoundation/StringUtilsTests.swift' = {
            isa = PBXBuildFile;
            fileRef = '__PBXFileRef_Tests/PureJSONFoundation/StringUtilsTests.swift';
        };
        _LinkFileRef_PureJSONFoundationTestSuite = {
            isa = PBXBuildFile;
            fileRef = _____Product_PureJSONFoundationTestSuite;
        };
        _______Confs_PureJSONFoundationTestSuite = {
            isa = XCConfigurationList;
            buildConfigurations = (___DebugConf_PureJSONFoundationTestSuite, _ReleaseConf_PureJSONFoundationTestSuite);
            defaultConfigurationIsVisible = 0;
            defaultConfigurationName = Debug;
        };
        ___DebugConf_PureJSONFoundationTestSuite = {
            isa = XCBuildConfiguration;
            buildSettings = { EMBEDDED_CONTENT_CONTAINS_SWIFT = YES; SWIFT_OPTIMIZATION_LEVEL = -Onone; LD_RUNPATH_SEARCH_PATHS = '@loader_path/../Frameworks'; };
            name = Debug;
        };
        _ReleaseConf_PureJSONFoundationTestSuite = {
            isa = XCBuildConfiguration;
            buildSettings = { EMBEDDED_CONTENT_CONTAINS_SWIFT = YES; LD_RUNPATH_SEARCH_PATHS = '@loader_path/../Frameworks'; };
            name = Release;
        };
        __Dependency_PureJSONFoundationTestSuite = {
            isa = PBXTargetDependency;
            target = ______Target_PureJSONFoundationTestSuite;
        };
        '__PBXFileRef_PureJSON.xcodeproj/Configs/Project.xcconfig' = {
            isa = PBXFileReference;
            lastKnownFileType = text.xcconfig;
            name = 'Project.xcconfig';
            path = 'PureJSON.xcodeproj/Configs/Project.xcconfig';
            sourceTree = '<group>';
        };
        _____Configs_ = {
            isa = PBXGroup;
            children = ('__PBXFileRef_PureJSON.xcodeproj/Configs/Project.xcconfig');
            name = Configs;
            sourceTree = '<group>';
        };
        _____Sources_ = {
            isa = PBXGroup;
            children = (_______Group_PathIndexable, _______Group_PureJSON, _______Group_PureJSONFoundation);
            name = Sources;
            sourceTree = '<group>';
        };
        Dependencies_ = {
            isa = PBXGroup;
            children = (_______Group_PathIndexable);
            name = Dependencies;
            sourceTree = '<group>';
        };
        _______Tests_ = {
            isa = PBXGroup;
            children = (_______Group_PureJSONFoundationTestSuite);
            name = Tests;
            sourceTree = '<group>';
        };
       TestProducts_ = {
            isa = PBXGroup;
            children = (_____Product_PureJSONFoundationTestSuite);
            name = Tests;
            sourceTree = '<group>';
        };
        ____Products_ = {
            isa = PBXGroup;
            children = (TestProducts_, _____Product_PathIndexable, _____Product_PureJSON, _____Product_PureJSONFoundation);
            name = Products;
            sourceTree = '<group>';
        };
        _______Debug_ = {
            isa = XCBuildConfiguration;
            baseConfigurationReference = '__PBXFileRef_PureJSON.xcodeproj/Configs/Project.xcconfig';
            buildSettings = {};
            name = Debug;
        };
        _____Release_ = {
            isa = XCBuildConfiguration;
            baseConfigurationReference = '__PBXFileRef_PureJSON.xcodeproj/Configs/Project.xcconfig';
            buildSettings = {};
            name = Release;
        };
        ___RootConfs_ = {
            isa = XCConfigurationList;
            buildConfigurations = (_______Debug_, _____Release_);
            defaultConfigurationIsVisible = 0;
            defaultConfigurationName = Debug;
        };
    };
}
